github.com/gofrs/uuid v4.4.0+incompatible h1:3qXRTX8/NbyulANqlc0lchS1gqAVxRgsuW1YrTJupqA=
github.com/gofrs/uuid v4.4.0+incompatible/go.mod h1:b2aQJv3Z4Fp6yNu3cdSllBxTCLRxnplIgP/c0N/04lM=
github.com/valllabh/ocsf-schema-golang v1.0.3 h1:eR8k/3jP/OOqB8LRCtdJ4U+vlgd/gk5y3KMXoodrsrw=
github.com/valllabh/ocsf-schema-golang v1.0.3/go.mod h1:sZ3as9xqm1SSK5feFWIR2CuGeGRhsM7TR1MbpBctzPk=
google.golang.org/protobuf v1.34.1 h1:9ddQBjfCyZPOHPUiPxpYESBLc+T8P3E+Vo4IbKZgFWg=
google.golang.org/protobuf v1.34.1/go.mod h1:c6P6GXX6sHbq/GpV6MGZEdwhWPcYBgnhAHhKbcUYpos=
